// !$*UTF8*$!
{
	archiveVersion = 1;
	classes = {
	};
	objectVersion = 50;
	objects = {

/* Begin PBXBuildFile section */
		D40B36D826BE0FB90032A579 /* HoleDistortionFilter.swift in Sources */ = {isa = PBXBuildFile; fileRef = D40B36D726BE0FB90032A579 /* HoleDistortionFilter.swift */; };
		D40B36DA26C00E1A0032A579 /* DistortionFilters.metal in Sources */ = {isa = PBXBuildFile; fileRef = D40B36D926C00E1A0032A579 /* DistortionFilters.metal */; };
		D40B36DC26C039D50032A579 /* GrayscaleFilter.swift in Sources */ = {isa = PBXBuildFile; fileRef = D40B36DB26C039D50032A579 /* GrayscaleFilter.swift */; };
		D40B36DE26C03E9B0032A579 /* MonochromeViewController.swift in Sources */ = {isa = PBXBuildFile; fileRef = D40B36DD26C03E9B0032A579 /* MonochromeViewController.swift */; };
		D466A31226BC821800354EF4 /* AppDelegate.swift in Sources */ = {isa = PBXBuildFile; fileRef = D466A31126BC821800354EF4 /* AppDelegate.swift */; };
		D466A31426BC821800354EF4 /* SceneDelegate.swift in Sources */ = {isa = PBXBuildFile; fileRef = D466A31326BC821800354EF4 /* SceneDelegate.swift */; };
		D466A31626BC821800354EF4 /* DistortionViewController.swift in Sources */ = {isa = PBXBuildFile; fileRef = D466A31526BC821800354EF4 /* DistortionViewController.swift */; };
		D466A31926BC821800354EF4 /* Main.storyboard in Resources */ = {isa = PBXBuildFile; fileRef = D466A31726BC821800354EF4 /* Main.storyboard */; };
		D466A31B26BC821A00354EF4 /* Assets.xcassets in Resources */ = {isa = PBXBuildFile; fileRef = D466A31A26BC821A00354EF4 /* Assets.xcassets */; };
		D466A31E26BC821A00354EF4 /* LaunchScreen.storyboard in Resources */ = {isa = PBXBuildFile; fileRef = D466A31C26BC821A00354EF4 /* LaunchScreen.storyboard */; };
		D466A32826BC85E200354EF4 /* ColorFilters.metal in Sources */ = {isa = PBXBuildFile; fileRef = D466A32726BC85E200354EF4 /* ColorFilters.metal */; };
		D466A32A26BC8DDC00354EF4 /* dog_portrait.HEIC in Resources */ = {isa = PBXBuildFile; fileRef = D466A32926BC8BFB00354EF4 /* dog_portrait.HEIC */; };
		D466A32C26BC914900354EF4 /* MonochromeFilter.swift in Sources */ = {isa = PBXBuildFile; fileRef = D466A32B26BC914900354EF4 /* MonochromeFilter.swift */; };
		D4EE669426C04148004D55F3 /* GrayscaleViewController.swift in Sources */ = {isa = PBXBuildFile; fileRef = D4EE669326C04148004D55F3 /* GrayscaleViewController.swift */; };
/* End PBXBuildFile section */

/* Begin PBXFileReference section */
		D40B36D726BE0FB90032A579 /* HoleDistortionFilter.swift */ = {isa = PBXFileReference; lastKnownFileType = sourcecode.swift; path = HoleDistortionFilter.swift; sourceTree = "<group>"; };
		D40B36D926C00E1A0032A579 /* DistortionFilters.metal */ = {isa = PBXFileReference; lastKnownFileType = sourcecode.metal; path = DistortionFilters.metal; sourceTree = "<group>"; };
		D40B36DB26C039D50032A579 /* GrayscaleFilter.swift */ = {isa = PBXFileReference; lastKnownFileType = sourcecode.swift; path = GrayscaleFilter.swift; sourceTree = "<group>"; };
		D40B36DD26C03E9B0032A579 /* MonochromeViewController.swift */ = {isa = PBXFileReference; lastKnownFileType = sourcecode.swift; path = MonochromeViewController.swift; sourceTree = "<group>"; };
		D466A30E26BC821800354EF4 /* filter-harness.app */ = {isa = PBXFileReference; explicitFileType = wrapper.application; includeInIndex = 0; path = "filter-harness.app"; sourceTree = BUILT_PRODUCTS_DIR; };
		D466A31126BC821800354EF4 /* AppDelegate.swift */ = {isa = PBXFileReference; lastKnownFileType = sourcecode.swift; path = AppDelegate.swift; sourceTree = "<group>"; };
		D466A31326BC821800354EF4 /* SceneDelegate.swift */ = {isa = PBXFileReference; lastKnownFileType = sourcecode.swift; path = SceneDelegate.swift; sourceTree = "<group>"; };
		D466A31526BC821800354EF4 /* DistortionViewController.swift */ = {isa = PBXFileReference; lastKnownFileType = sourcecode.swift; path = DistortionViewController.swift; sourceTree = "<group>"; };
		D466A31826BC821800354EF4 /* Base */ = {isa = PBXFileReference; lastKnownFileType = file.storyboard; name = Base; path = Base.lproj/Main.storyboard; sourceTree = "<group>"; };
		D466A31A26BC821A00354EF4 /* Assets.xcassets */ = {isa = PBXFileReference; lastKnownFileType = folder.assetcatalog; path = Assets.xcassets; sourceTree = "<group>"; };
		D466A31D26BC821A00354EF4 /* Base */ = {isa = PBXFileReference; lastKnownFileType = file.storyboard; name = Base; path = Base.lproj/LaunchScreen.storyboard; sourceTree = "<group>"; };
		D466A31F26BC821A00354EF4 /* Info.plist */ = {isa = PBXFileReference; lastKnownFileType = text.plist.xml; path = Info.plist; sourceTree = "<group>"; };
		D466A32726BC85E200354EF4 /* ColorFilters.metal */ = {isa = PBXFileReference; lastKnownFileType = sourcecode.metal; path = ColorFilters.metal; sourceTree = "<group>"; };
		D466A32926BC8BFB00354EF4 /* dog_portrait.HEIC */ = {isa = PBXFileReference; lastKnownFileType = file; path = dog_portrait.HEIC; sourceTree = "<group>"; };
		D466A32B26BC914900354EF4 /* MonochromeFilter.swift */ = {isa = PBXFileReference; lastKnownFileType = sourcecode.swift; path = MonochromeFilter.swift; sourceTree = "<group>"; };
		D4EE669326C04148004D55F3 /* GrayscaleViewController.swift */ = {isa = PBXFileReference; lastKnownFileType = sourcecode.swift; path = GrayscaleViewController.swift; sourceTree = "<group>"; };
/* End PBXFileReference section */

/* Begin PBXFrameworksBuildPhase section */
		D466A30B26BC821800354EF4 /* Frameworks */ = {
			isa = PBXFrameworksBuildPhase;
			buildActionMask = 2147483647;
			files = (
			);
			runOnlyForDeploymentPostprocessing = 0;
		};
/* End PBXFrameworksBuildPhase section */

/* Begin PBXGroup section */
		D466A30526BC821800354EF4 = {
			isa = PBXGroup;
			children = (
				D466A31026BC821800354EF4 /* filter-harness */,
				D466A30F26BC821800354EF4 /* Products */,
			);
			sourceTree = "<group>";
		};
		D466A30F26BC821800354EF4 /* Products */ = {
			isa = PBXGroup;
			children = (
				D466A30E26BC821800354EF4 /* filter-harness.app */,
			);
			name = Products;
			sourceTree = "<group>";
		};
		D466A31026BC821800354EF4 /* filter-harness */ = {
			isa = PBXGroup;
			children = (
				D4EE669526C0472C004D55F3 /* Filters */,
				D4EE669626C04743004D55F3 /* View Controllers */,
				D466A32926BC8BFB00354EF4 /* dog_portrait.HEIC */,
				D466A31F26BC821A00354EF4 /* Info.plist */,
				D4EE669726C07471004D55F3 /* Misc */,
			);
			path = "filter-harness";
			sourceTree = "<group>";
		};
		D4EE669526C0472C004D55F3 /* Filters */ = {
			isa = PBXGroup;
			children = (
				D466A32726BC85E200354EF4 /* ColorFilters.metal */,
				D40B36D926C00E1A0032A579 /* DistortionFilters.metal */,
				D40B36D726BE0FB90032A579 /* HoleDistortionFilter.swift */,
				D466A32B26BC914900354EF4 /* MonochromeFilter.swift */,
				D40B36DB26C039D50032A579 /* GrayscaleFilter.swift */,
			);
			path = Filters;
			sourceTree = "<group>";
		};
		D4EE669626C04743004D55F3 /* View Controllers */ = {
			isa = PBXGroup;
			children = (
				D4EE669326C04148004D55F3 /* GrayscaleViewController.swift */,
				D466A31526BC821800354EF4 /* DistortionViewController.swift */,
				D40B36DD26C03E9B0032A579 /* MonochromeViewController.swift */,
			);
			path = "View Controllers";
			sourceTree = "<group>";
		};
		D4EE669726C07471004D55F3 /* Misc */ = {
			isa = PBXGroup;
			children = (
				D466A31126BC821800354EF4 /* AppDelegate.swift */,
				D466A31326BC821800354EF4 /* SceneDelegate.swift */,
				D466A31726BC821800354EF4 /* Main.storyboard */,
				D466A31A26BC821A00354EF4 /* Assets.xcassets */,
				D466A31C26BC821A00354EF4 /* LaunchScreen.storyboard */,
			);
			path = Misc;
			sourceTree = "<group>";
		};
/* End PBXGroup section */

/* Begin PBXNativeTarget section */
		D466A30D26BC821800354EF4 /* filter-harness */ = {
			isa = PBXNativeTarget;
			buildConfigurationList = D466A32226BC821A00354EF4 /* Build configuration list for PBXNativeTarget "filter-harness" */;
			buildPhases = (
				D466A30A26BC821800354EF4 /* Sources */,
				D466A30B26BC821800354EF4 /* Frameworks */,
				D466A30C26BC821800354EF4 /* Resources */,
			);
			buildRules = (
			);
			dependencies = (
			);
			name = "filter-harness";
			productName = "filter-harness";
			productReference = D466A30E26BC821800354EF4 /* filter-harness.app */;
			productType = "com.apple.product-type.application";
		};
/* End PBXNativeTarget section */

/* Begin PBXProject section */
		D466A30626BC821800354EF4 /* Project object */ = {
			isa = PBXProject;
			attributes = {
				LastSwiftUpdateCheck = 1250;
				LastUpgradeCheck = 1250;
				TargetAttributes = {
					D466A30D26BC821800354EF4 = {
						CreatedOnToolsVersion = 12.5.1;
					};
				};
			};
			buildConfigurationList = D466A30926BC821800354EF4 /* Build configuration list for PBXProject "filter-harness" */;
			compatibilityVersion = "Xcode 9.3";
			developmentRegion = en;
			hasScannedForEncodings = 0;
			knownRegions = (
				en,
				Base,
			);
			mainGroup = D466A30526BC821800354EF4;
			productRefGroup = D466A30F26BC821800354EF4 /* Products */;
			projectDirPath = "";
			projectRoot = "";
			targets = (
				D466A30D26BC821800354EF4 /* filter-harness */,
			);
		};
/* End PBXProject section */

/* Begin PBXResourcesBuildPhase section */
		D466A30C26BC821800354EF4 /* Resources */ = {
			isa = PBXResourcesBuildPhase;
			buildActionMask = 2147483647;
			files = (
				D466A31E26BC821A00354EF4 /* LaunchScreen.storyboard in Resources */,
				D466A31B26BC821A00354EF4 /* Assets.xcassets in Resources */,
				D466A32A26BC8DDC00354EF4 /* dog_portrait.HEIC in Resources */,
				D466A31926BC821800354EF4 /* Main.storyboard in Resources */,
			);
			runOnlyForDeploymentPostprocessing = 0;
		};
/* End PBXResourcesBuildPhase section */

/* Begin PBXSourcesBuildPhase section */
		D466A30A26BC821800354EF4 /* Sources */ = {
			isa = PBXSourcesBuildPhase;
			buildActionMask = 2147483647;
			files = (
				D40B36D826BE0FB90032A579 /* HoleDistortionFilter.swift in Sources */,
				D40B36DC26C039D50032A579 /* GrayscaleFilter.swift in Sources */,
				D466A31626BC821800354EF4 /* DistortionViewController.swift in Sources */,
				D466A31226BC821800354EF4 /* AppDelegate.swift in Sources */,
				D466A31426BC821800354EF4 /* SceneDelegate.swift in Sources */,
				D466A32C26BC914900354EF4 /* MonochromeFilter.swift in Sources */,
				D466A32826BC85E200354EF4 /* ColorFilters.metal in Sources */,
				D40B36DE26C03E9B0032A579 /* MonochromeViewController.swift in Sources */,
				D4EE669426C04148004D55F3 /* GrayscaleViewController.swift in Sources */,
				D40B36DA26C00E1A0032A579 /* DistortionFilters.metal in Sources */,
			);
			runOnlyForDeploymentPostprocessing = 0;
		};
/* End PBXSourcesBuildPhase section */

/* Begin PBXVariantGroup section */
		D466A31726BC821800354EF4 /* Main.storyboard */ = {
			isa = PBXVariantGroup;
			children = (
				D466A31826BC821800354EF4 /* Base */,
			);
			name = Main.storyboard;
			sourceTree = "<group>";
		};
		D466A31C26BC821A00354EF4 /* LaunchScreen.storyboard */ = {
			isa = PBXVariantGroup;
			children = (
				D466A31D26BC821A00354EF4 /* Base */,
			);
			name = LaunchScreen.storyboard;
			sourceTree = "<group>";
		};
/* End PBXVariantGroup section */

/* Begin XCBuildConfiguration section */
		D466A32026BC821A00354EF4 /* Debug */ = {
			isa = XCBuildConfiguration;
			buildSettings = {
				ALWAYS_SEARCH_USER_PATHS = NO;
				CLANG_ANALYZER_NONNULL = YES;
				CLANG_ANALYZER_NUMBER_OBJECT_CONVERSION = YES_AGGRESSIVE;
				CLANG_CXX_LANGUAGE_STANDARD = "gnu++14";
				CLANG_CXX_LIBRARY = "libc++";
				CLANG_ENABLE_MODULES = YES;
				CLANG_ENABLE_OBJC_ARC = YES;
				CLANG_ENABLE_OBJC_WEAK = YES;
				CLANG_WARN_BLOCK_CAPTURE_AUTORELEASING = YES;
				CLANG_WARN_BOOL_CONVERSION = YES;
				CLANG_WARN_COMMA = YES;
				CLANG_WARN_CONSTANT_CONVERSION = YES;
				CLANG_WARN_DEPRECATED_OBJC_IMPLEMENTATIONS = YES;
				CLANG_WARN_DIRECT_OBJC_ISA_USAGE = YES_ERROR;
				CLANG_WARN_DOCUMENTATION_COMMENTS = YES;
				CLANG_WARN_EMPTY_BODY = YES;
				CLANG_WARN_ENUM_CONVERSION = YES;
				CLANG_WARN_INFINITE_RECURSION = YES;
				CLANG_WARN_INT_CONVERSION = YES;
				CLANG_WARN_NON_LITERAL_NULL_CONVERSION = YES;
				CLANG_WARN_OBJC_IMPLICIT_RETAIN_SELF = YES;
				CLANG_WARN_OBJC_LITERAL_CONVERSION = YES;
				CLANG_WARN_OBJC_ROOT_CLASS = YES_ERROR;
				CLANG_WARN_QUOTED_INCLUDE_IN_FRAMEWORK_HEADER = YES;
				CLANG_WARN_RANGE_LOOP_ANALYSIS = YES;
				CLANG_WARN_STRICT_PROTOTYPES = YES;
				CLANG_WARN_SUSPICIOUS_MOVE = YES;
				CLANG_WARN_UNGUARDED_AVAILABILITY = YES_AGGRESSIVE;
				CLANG_WARN_UNREACHABLE_CODE = YES;
				CLANG_WARN__DUPLICATE_METHOD_MATCH = YES;
				COPY_PHASE_STRIP = NO;
				DEBUG_INFORMATION_FORMAT = dwarf;
				ENABLE_STRICT_OBJC_MSGSEND = YES;
				ENABLE_TESTABILITY = YES;
				GCC_C_LANGUAGE_STANDARD = gnu11;
				GCC_DYNAMIC_NO_PIC = NO;
				GCC_NO_COMMON_BLOCKS = YES;
				GCC_OPTIMIZATION_LEVEL = 0;
				GCC_PREPROCESSOR_DEFINITIONS = (
					"DEBUG=1",
					"$(inherited)",
				);
				GCC_WARN_64_TO_32_BIT_CONVERSION = YES;
				GCC_WARN_ABOUT_RETURN_TYPE = YES_ERROR;
				GCC_WARN_UNDECLARED_SELECTOR = YES;
				GCC_WARN_UNINITIALIZED_AUTOS = YES_AGGRESSIVE;
				GCC_WARN_UNUSED_FUNCTION = YES;
				GCC_WARN_UNUSED_VARIABLE = YES;
				IPHONEOS_DEPLOYMENT_TARGET = 14.5;
				MTL_COMPILER_FLAGS = "-fcikernel";
				MTL_ENABLE_DEBUG_INFO = INCLUDE_SOURCE;
				MTL_FAST_MATH = YES;
				ONLY_ACTIVE_ARCH = YES;
				SDKROOT = iphoneos;
				SWIFT_ACTIVE_COMPILATION_CONDITIONS = DEBUG;
				SWIFT_OPTIMIZATION_LEVEL = "-Onone";
			};
			name = Debug;
		};
		D466A32126BC821A00354EF4 /* Release */ = {
			isa = XCBuildConfiguration;
			buildSettings = {
				ALWAYS_SEARCH_USER_PATHS = NO;
				CLANG_ANALYZER_NONNULL = YES;
				CLANG_ANALYZER_NUMBER_OBJECT_CONVERSION = YES_AGGRESSIVE;
				CLANG_CXX_LANGUAGE_STANDARD = "gnu++14";
				CLANG_CXX_LIBRARY = "libc++";
				CLANG_ENABLE_MODULES = YES;
				CLANG_ENABLE_OBJC_ARC = YES;
				CLANG_ENABLE_OBJC_WEAK = YES;
				CLANG_WARN_BLOCK_CAPTURE_AUTORELEASING = YES;
				CLANG_WARN_BOOL_CONVERSION = YES;
				CLANG_WARN_COMMA = YES;
				CLANG_WARN_CONSTANT_CONVERSION = YES;
				CLANG_WARN_DEPRECATED_OBJC_IMPLEMENTATIONS = YES;
				CLANG_WARN_DIRECT_OBJC_ISA_USAGE = YES_ERROR;
				CLANG_WARN_DOCUMENTATION_COMMENTS = YES;
				CLANG_WARN_EMPTY_BODY = YES;
				CLANG_WARN_ENUM_CONVERSION = YES;
				CLANG_WARN_INFINITE_RECURSION = YES;
				CLANG_WARN_INT_CONVERSION = YES;
				CLANG_WARN_NON_LITERAL_NULL_CONVERSION = YES;
				CLANG_WARN_OBJC_IMPLICIT_RETAIN_SELF = YES;
				CLANG_WARN_OBJC_LITERAL_CONVERSION = YES;
				CLANG_WARN_OBJC_ROOT_CLASS = YES_ERROR;
				CLANG_WARN_QUOTED_INCLUDE_IN_FRAMEWORK_HEADER = YES;
				CLANG_WARN_RANGE_LOOP_ANALYSIS = YES;
				CLANG_WARN_STRICT_PROTOTYPES = YES;
				CLANG_WARN_SUSPICIOUS_MOVE = YES;
				CLANG_WARN_UNGUARDED_AVAILABILITY = YES_AGGRESSIVE;
				CLANG_WARN_UNREACHABLE_CODE = YES;
				CLANG_WARN__DUPLICATE_METHOD_MATCH = YES;
				COPY_PHASE_STRIP = NO;
				DEBUG_INFORMATION_FORMAT = "dwarf-with-dsym";
				ENABLE_NS_ASSERTIONS = NO;
				ENABLE_STRICT_OBJC_MSGSEND = YES;
				GCC_C_LANGUAGE_STANDARD = gnu11;
				GCC_NO_COMMON_BLOCKS = YES;
				GCC_WARN_64_TO_32_BIT_CONVERSION = YES;
				GCC_WARN_ABOUT_RETURN_TYPE = YES_ERROR;
				GCC_WARN_UNDECLARED_SELECTOR = YES;
				GCC_WARN_UNINITIALIZED_AUTOS = YES_AGGRESSIVE;
				GCC_WARN_UNUSED_FUNCTION = YES;
				GCC_WARN_UNUSED_VARIABLE = YES;
				IPHONEOS_DEPLOYMENT_TARGET = 14.5;
				MTL_COMPILER_FLAGS = "-fcikernel";
				MTL_ENABLE_DEBUG_INFO = NO;
				MTL_FAST_MATH = YES;
				SDKROOT = iphoneos;
				SWIFT_COMPILATION_MODE = wholemodule;
				SWIFT_OPTIMIZATION_LEVEL = "-O";
				VALIDATE_PRODUCT = YES;
			};
			name = Release;
		};
		D466A32326BC821A00354EF4 /* Debug */ = {
			isa = XCBuildConfiguration;
			buildSettings = {
				ASSETCATALOG_COMPILER_APPICON_NAME = AppIcon;
				ASSETCATALOG_COMPILER_GLOBAL_ACCENT_COLOR_NAME = AccentColor;
				CODE_SIGN_STYLE = Automatic;
				DEVELOPMENT_TEAM = K75NL9T9H7;
				INFOPLIST_FILE = "filter-harness/Info.plist";
				LD_RUNPATH_SEARCH_PATHS = (
					"$(inherited)",
					"@executable_path/Frameworks",
				);
				MTLLINKER_FLAGS = "-fcikernel";
				PRODUCT_BUNDLE_IDENTIFIER = "com.tyreeapps.filter-harness";
				PRODUCT_NAME = "$(TARGET_NAME)";
				SWIFT_VERSION = 5.0;
				TARGETED_DEVICE_FAMILY = "1,2";
			};
			name = Debug;
		};
		D466A32426BC821A00354EF4 /* Release */ = {
			isa = XCBuildConfiguration;
			buildSettings = {
				ASSETCATALOG_COMPILER_APPICON_NAME = AppIcon;
				ASSETCATALOG_COMPILER_GLOBAL_ACCENT_COLOR_NAME = AccentColor;
				CODE_SIGN_STYLE = Automatic;
				DEVELOPMENT_TEAM = K75NL9T9H7;
				INFOPLIST_FILE = "filter-harness/Info.plist";
				LD_RUNPATH_SEARCH_PATHS = (
					"$(inherited)",
					"@executable_path/Frameworks",
				);
				MTLLINKER_FLAGS = "-fcikernel";
				PRODUCT_BUNDLE_IDENTIFIER = "com.tyreeapps.filter-harness";
				PRODUCT_NAME = "$(TARGET_NAME)";
				SWIFT_VERSION = 5.0;
				TARGETED_DEVICE_FAMILY = "1,2";
			};
			name = Release;
		};
/* End XCBuildConfiguration section */

/* Begin XCConfigurationList section */
		D466A30926BC821800354EF4 /* Build configuration list for PBXProject "filter-harness" */ = {
			isa = XCConfigurationList;
			buildConfigurations = (
				D466A32026BC821A00354EF4 /* Debug */,
				D466A32126BC821A00354EF4 /* Release */,
			);
			defaultConfigurationIsVisible = 0;
			defaultConfigurationName = Release;
		};
		D466A32226BC821A00354EF4 /* Build configuration list for PBXNativeTarget "filter-harness" */ = {
			isa = XCConfigurationList;
			buildConfigurations = (
				D466A32326BC821A00354EF4 /* Debug */,
				D466A32426BC821A00354EF4 /* Release */,
			);
			defaultConfigurationIsVisible = 0;
			defaultConfigurationName = Release;
		};
/* End XCConfigurationList section */
	};
	rootObject = D466A30626BC821800354EF4 /* Project object */;
}
